
Microsoft Visual Studio Solution File, Format Version 12.00
# Visual Studio 2013
VisualStudioVersion = 12.0.30723.0
MinimumVisualStudioVersion = 10.0.40219.1
Project("{FAE04EC0-301F-11D3-BF4B-00C04F79EFBC}") = "01.DeclareVariables", "DeclareVariables\01.DeclareVariables.csproj", "{C778F19D-C9DD-4BCE-89C9-8C0C9561D1AA}"
EndProject
Project("{FAE04EC0-301F-11D3-BF4B-00C04F79EFBC}") = "02.FloatOrDouble", "FloatOrDouble\02.FloatOrDouble.csproj", "{D8E58B40-9391-47DE-A324-3197775A86B8}"
EndProject
Project("{FAE04EC0-301F-11D3-BF4B-00C04F79EFBC}") = "03.VariableInHexadecimalFormat", "VariableInHexadecimalFormat\03.VariableInHexadecimalFormat.csproj", "{4D66AABF-E12A-49DB-A5B3-6D359CCA5DF6}"
EndProject
Project("{FAE04EC0-301F-11D3-BF4B-00C04F79EFBC}") = "04.UnicodeCharacter", "UnicodeCharacter\04.UnicodeCharacter.csproj", "{100E1B6A-6D0E-4CEF-B65A-1E911F914EF9}"
EndProject
Project("{FAE04EC0-301F-11D3-BF4B-00C04F79EFBC}") = "05.BooleanVariable", "BooleanVariable\05.BooleanVariable.csproj", "{2487EFC8-02E2-4458-A50C-AC6F7EDE9D6A}"
EndProject
Project("{FAE04EC0-301F-11D3-BF4B-00C04F79EFBC}") = "07.QuotesInString", "07.QuotesInString\07.QuotesInString.csproj", "{4EAA7F11-2946-41F5-9681-5E910A427C13}"
EndProject
Project("{FAE04EC0-301F-11D3-BF4B-00C04F79EFBC}") = "08.IsoscelesTriangle", "IsoscelesTriangle\08.IsoscelesTriangle.csproj", "{71660816-3FB4-4515-9245-F832247688F4}"
EndProject
Project("{FAE04EC0-301F-11D3-BF4B-00C04F79EFBC}") = "09.ExchangeVariableValues", "ExchangeVariableValues\09.ExchangeVariableValues.csproj", "{C94721AA-1984-4434-BB59-70BF4633BBAE}"
EndProject
Project("{FAE04EC0-301F-11D3-BF4B-00C04F79EFBC}") = "12.NullValueArithmetic", "NullValueArithmetic\12.NullValueArithmetic.csproj", "{7C24B627-1A97-4308-9B1A-264E5AC94F89}"
EndProject
Project("{FAE04EC0-301F-11D3-BF4B-00C04F79EFBC}") = "10.EmplayeeData", "EmplayeeData\10.EmplayeeData.csproj", "{6B45136C-44E8-463E-B999-0E7CF2E2EA42}"
EndProject
Project("{FAE04EC0-301F-11D3-BF4B-00C04F79EFBC}") = "11.BankAccountData", "NankAccountData\11.BankAccountData.csproj", "{A3EEC3E6-A0E6-4017-A165-78BD67AF2140}"
EndProject
Project("{FAE04EC0-301F-11D3-BF4B-00C04F79EFBC}") = "06.StringAndObject", "StringAndObject\06.StringAndObject.csproj", "{61E5B9A2-6A1F-4A0B-985A-C55A8DFE5E37}"
EndProject
Project("{FAE04EC0-301F-11D3-BF4B-00C04F79EFBC}") = "13.ComparingFloats", "ComparingFloats\13.ComparingFloats.csproj", "{02F05E5F-F602-4645-B13C-2E8D00745F6A}"
EndProject
Project("{FAE04EC0-301F-11D3-BF4B-00C04F79EFBC}") = "14.PrintTheAsciiTable", "PrintTheAsciiTable\14.PrintTheAsciiTable.csproj", "{E152F4BF-D361-41CD-9DF7-0F8FB5E6AE14}"
EndProject
Global
	GlobalSection(SolutionConfigurationPlatforms) = preSolution
		Debug|Any CPU = Debug|Any CPU
		Release|Any CPU = Release|Any CPU
	EndGlobalSection
	GlobalSection(ProjectConfigurationPlatforms) = postSolution
		{C778F19D-C9DD-4BCE-89C9-8C0C9561D1AA}.Debug|Any CPU.ActiveCfg = Debug|Any CPU
		{C778F19D-C9DD-4BCE-89C9-8C0C9561D1AA}.Debug|Any CPU.Build.0 = Debug|Any CPU
		{C778F19D-C9DD-4BCE-89C9-8C0C9561D1AA}.Release|Any CPU.ActiveCfg = Release|Any CPU
		{C778F19D-C9DD-4BCE-89C9-8C0C9561D1AA}.Release|Any CPU.Build.0 = Release|Any CPU
		{D8E58B40-9391-47DE-A324-3197775A86B8}.Debug|Any CPU.ActiveCfg = Debug|Any CPU
		{D8E58B40-9391-47DE-A324-3197775A86B8}.Debug|Any CPU.Build.0 = Debug|Any CPU
		{D8E58B40-9391-47DE-A324-3197775A86B8}.Release|Any CPU.ActiveCfg = Release|Any CPU
		{D8E58B40-9391-47DE-A324-3197775A86B8}.Release|Any CPU.Build.0 = Release|Any CPU
		{4D66AABF-E12A-49DB-A5B3-6D359CCA5DF6}.Debug|Any CPU.ActiveCfg = Debug|Any CPU
		{4D66AABF-E12A-49DB-A5B3-6D359CCA5DF6}.Debug|Any CPU.Build.0 = Debug|Any CPU
		{4D66AABF-E12A-49DB-A5B3-6D359CCA5DF6}.Release|Any CPU.ActiveCfg = Release|Any CPU
		{4D66AABF-E12A-49DB-A5B3-6D359CCA5DF6}.Release|Any CPU.Build.0 = Release|Any CPU
		{100E1B6A-6D0E-4CEF-B65A-1E911F914EF9}.Debug|Any CPU.ActiveCfg = Debug|Any CPU
		{100E1B6A-6D0E-4CEF-B65A-1E911F914EF9}.Debug|Any CPU.Build.0 = Debug|Any CPU
		{100E1B6A-6D0E-4CEF-B65A-1E911F914EF9}.Release|Any CPU.ActiveCfg = Release|Any CPU
		{100E1B6A-6D0E-4CEF-B65A-1E911F914EF9}.Release|Any CPU.Build.0 = Release|Any CPU
		{2487EFC8-02E2-4458-A50C-AC6F7EDE9D6A}.Debug|Any CPU.ActiveCfg = Debug|Any CPU
		{2487EFC8-02E2-4458-A50C-AC6F7EDE9D6A}.Debug|Any CPU.Build.0 = Debug|Any CPU
		{2487EFC8-02E2-4458-A50C-AC6F7EDE9D6A}.Release|Any CPU.ActiveCfg = Release|Any CPU
		{2487EFC8-02E2-4458-A50C-AC6F7EDE9D6A}.Release|Any CPU.Build.0 = Release|Any CPU
		{4EAA7F11-2946-41F5-9681-5E910A427C13}.Debug|Any CPU.ActiveCfg = Debug|Any CPU
		{4EAA7F11-2946-41F5-9681-5E910A427C13}.Debug|Any CPU.Build.0 = Debug|Any CPU
		{4EAA7F11-2946-41F5-9681-5E910A427C13}.Release|Any CPU.ActiveCfg = Release|Any CPU
		{4EAA7F11-2946-41F5-9681-5E910A427C13}.Release|Any CPU.Build.0 = Release|Any CPU
		{71660816-3FB4-4515-9245-F832247688F4}.Debug|Any CPU.ActiveCfg = Debug|Any CPU
		{71660816-3FB4-4515-9245-F832247688F4}.Debug|Any CPU.Build.0 = Debug|Any CPU
		{71660816-3FB4-4515-9245-F832247688F4}.Release|Any CPU.ActiveCfg = Release|Any CPU
		{71660816-3FB4-4515-9245-F832247688F4}.Release|Any CPU.Build.0 = Release|Any CPU
		{C94721AA-1984-4434-BB59-70BF4633BBAE}.Debug|Any CPU.ActiveCfg = Debug|Any CPU
		{C94721AA-1984-4434-BB59-70BF4633BBAE}.Debug|Any CPU.Build.0 = Debug|Any CPU
		{C94721AA-1984-4434-BB59-70BF4633BBAE}.Release|Any CPU.ActiveCfg = Release|Any CPU
		{C94721AA-1984-4434-BB59-70BF4633BBAE}.Release|Any CPU.Build.0 = Release|Any CPU
		{7C24B627-1A97-4308-9B1A-264E5AC94F89}.Debug|Any CPU.ActiveCfg = Debug|Any CPU
		{7C24B627-1A97-4308-9B1A-264E5AC94F89}.Debug|Any CPU.Build.0 = Debug|Any CPU
		{7C24B627-1A97-4308-9B1A-264E5AC94F89}.Release|Any CPU.ActiveCfg = Release|Any CPU
		{7C24B627-1A97-4308-9B1A-264E5AC94F89}.Release|Any CPU.Build.0 = Release|Any CPU
		{6B45136C-44E8-463E-B999-0E7CF2E2EA42}.Debug|Any CPU.ActiveCfg = Debug|Any CPU
		{6B45136C-44E8-463E-B999-0E7CF2E2EA42}.Debug|Any CPU.Build.0 = Debug|Any CPU
		{6B45136C-44E8-463E-B999-0E7CF2E2EA42}.Release|Any CPU.ActiveCfg = Release|Any CPU
		{6B45136C-44E8-463E-B999-0E7CF2E2EA42}.Release|Any CPU.Build.0 = Release|Any CPU
		{A3EEC3E6-A0E6-4017-A165-78BD67AF2140}.Debug|Any CPU.ActiveCfg = Debug|Any CPU
		{A3EEC3E6-A0E6-4017-A165-78BD67AF2140}.Debug|Any CPU.Build.0 = Debug|Any CPU
		{A3EEC3E6-A0E6-4017-A165-78BD67AF2140}.Release|Any CPU.ActiveCfg = Release|Any CPU
		{A3EEC3E6-A0E6-4017-A165-78BD67AF2140}.Release|Any CPU.Build.0 = Release|Any CPU
		{61E5B9A2-6A1F-4A0B-985A-C55A8DFE5E37}.Debug|Any CPU.ActiveCfg = Debug|Any CPU
		{61E5B9A2-6A1F-4A0B-985A-C55A8DFE5E37}.Debug|Any CPU.Build.0 = Debug|Any CPU
		{61E5B9A2-6A1F-4A0B-985A-C55A8DFE5E37}.Release|Any CPU.ActiveCfg = Release|Any CPU
		{61E5B9A2-6A1F-4A0B-985A-C55A8DFE5E37}.Release|Any CPU.Build.0 = Release|Any CPU
		{02F05E5F-F602-4645-B13C-2E8D00745F6A}.Debug|Any CPU.ActiveCfg = Debug|Any CPU
		{02F05E5F-F602-4645-B13C-2E8D00745F6A}.Debug|Any CPU.Build.0 = Debug|Any CPU
		{02F05E5F-F602-4645-B13C-2E8D00745F6A}.Release|Any CPU.ActiveCfg = Release|Any CPU
		{02F05E5F-F602-4645-B13C-2E8D00745F6A}.Release|Any CPU.Build.0 = Release|Any CPU
		{E152F4BF-D361-41CD-9DF7-0F8FB5E6AE14}.Debug|Any CPU.ActiveCfg = Debug|Any CPU
		{E152F4BF-D361-41CD-9DF7-0F8FB5E6AE14}.Debug|Any CPU.Build.0 = Debug|Any CPU
		{E152F4BF-D361-41CD-9DF7-0F8FB5E6AE14}.Release|Any CPU.ActiveCfg = Release|Any CPU
		{E152F4BF-D361-41CD-9DF7-0F8FB5E6AE14}.Release|Any CPU.Build.0 = Release|Any CPU
	EndGlobalSection
	GlobalSection(SolutionProperties) = preSolution
		HideSolutionNode = FALSE
	EndGlobalSection
EndGlobal
