
Microsoft Visual Studio Solution File, Format Version 12.00
# Visual Studio 2013
VisualStudioVersion = 12.0.31101.0
MinimumVisualStudioVersion = 10.0.40219.1
Project("{FAE04EC0-301F-11D3-BF4B-00C04F79EFBC}") = "01.SchoolClasses", "SchoolClasses\01.SchoolClasses.csproj", "{717EDA57-4786-4643-8CB8-DE877A90171B}"
EndProject
Project("{FAE04EC0-301F-11D3-BF4B-00C04F79EFBC}") = "02.StudentsAndWorkers", "StudentsAndWorkers\02.StudentsAndWorkers.csproj", "{7911EAE0-AA5F-4612-9B52-F9E28714553A}"
EndProject
Project("{FAE04EC0-301F-11D3-BF4B-00C04F79EFBC}") = "03.AnimalHierarchy", "AnimalHierarchy\03.AnimalHierarchy.csproj", "{25AC649C-6B16-4EF5-9390-459ABC6C6141}"
EndProject
Global
	GlobalSection(SolutionConfigurationPlatforms) = preSolution
		Debug|Any CPU = Debug|Any CPU
		Release|Any CPU = Release|Any CPU
	EndGlobalSection
	GlobalSection(ProjectConfigurationPlatforms) = postSolution
		{717EDA57-4786-4643-8CB8-DE877A90171B}.Debug|Any CPU.ActiveCfg = Debug|Any CPU
		{717EDA57-4786-4643-8CB8-DE877A90171B}.Debug|Any CPU.Build.0 = Debug|Any CPU
		{717EDA57-4786-4643-8CB8-DE877A90171B}.Release|Any CPU.ActiveCfg = Release|Any CPU
		{717EDA57-4786-4643-8CB8-DE877A90171B}.Release|Any CPU.Build.0 = Release|Any CPU
		{7911EAE0-AA5F-4612-9B52-F9E28714553A}.Debug|Any CPU.ActiveCfg = Debug|Any CPU
		{7911EAE0-AA5F-4612-9B52-F9E28714553A}.Debug|Any CPU.Build.0 = Debug|Any CPU
		{7911EAE0-AA5F-4612-9B52-F9E28714553A}.Release|Any CPU.ActiveCfg = Release|Any CPU
		{7911EAE0-AA5F-4612-9B52-F9E28714553A}.Release|Any CPU.Build.0 = Release|Any CPU
		{25AC649C-6B16-4EF5-9390-459ABC6C6141}.Debug|Any CPU.ActiveCfg = Debug|Any CPU
		{25AC649C-6B16-4EF5-9390-459ABC6C6141}.Debug|Any CPU.Build.0 = Debug|Any CPU
		{25AC649C-6B16-4EF5-9390-459ABC6C6141}.Release|Any CPU.ActiveCfg = Release|Any CPU
		{25AC649C-6B16-4EF5-9390-459ABC6C6141}.Release|Any CPU.Build.0 = Release|Any CPU
	EndGlobalSection
	GlobalSection(SolutionProperties) = preSolution
		HideSolutionNode = FALSE
	EndGlobalSection
EndGlobal
