
Microsoft Visual Studio Solution File, Format Version 12.00
# Visual Studio 2013
VisualStudioVersion = 12.0.31101.0
MinimumVisualStudioVersion = 10.0.40219.1
Project("{FAE04EC0-301F-11D3-BF4B-00C04F79EFBC}") = "Point3D", "Point3D\Point3D.csproj", "{67A94655-8F6D-4BF3-9A3B-33C59F02DF8E}"
EndProject
Project("{FAE04EC0-301F-11D3-BF4B-00C04F79EFBC}") = "Matrix", "Matrix\Matrix.csproj", "{A084DE43-084A-4796-BBFE-3E54A4E624A0}"
EndProject
Project("{FAE04EC0-301F-11D3-BF4B-00C04F79EFBC}") = "GenericClass", "GenericClass\GenericClass.csproj", "{C381EF7E-4F42-497F-9508-40529E2DE08B}"
EndProject
Project("{FAE04EC0-301F-11D3-BF4B-00C04F79EFBC}") = "VersionAttribute", "VersionAttribute\VersionAttribute.csproj", "{B80C758E-3F3A-478C-92E2-C950EE3C90EE}"
EndProject
Global
	GlobalSection(SolutionConfigurationPlatforms) = preSolution
		Debug|Any CPU = Debug|Any CPU
		Release|Any CPU = Release|Any CPU
	EndGlobalSection
	GlobalSection(ProjectConfigurationPlatforms) = postSolution
		{67A94655-8F6D-4BF3-9A3B-33C59F02DF8E}.Debug|Any CPU.ActiveCfg = Debug|Any CPU
		{67A94655-8F6D-4BF3-9A3B-33C59F02DF8E}.Debug|Any CPU.Build.0 = Debug|Any CPU
		{67A94655-8F6D-4BF3-9A3B-33C59F02DF8E}.Release|Any CPU.ActiveCfg = Release|Any CPU
		{67A94655-8F6D-4BF3-9A3B-33C59F02DF8E}.Release|Any CPU.Build.0 = Release|Any CPU
		{A084DE43-084A-4796-BBFE-3E54A4E624A0}.Debug|Any CPU.ActiveCfg = Debug|Any CPU
		{A084DE43-084A-4796-BBFE-3E54A4E624A0}.Debug|Any CPU.Build.0 = Debug|Any CPU
		{A084DE43-084A-4796-BBFE-3E54A4E624A0}.Release|Any CPU.ActiveCfg = Release|Any CPU
		{A084DE43-084A-4796-BBFE-3E54A4E624A0}.Release|Any CPU.Build.0 = Release|Any CPU
		{C381EF7E-4F42-497F-9508-40529E2DE08B}.Debug|Any CPU.ActiveCfg = Debug|Any CPU
		{C381EF7E-4F42-497F-9508-40529E2DE08B}.Debug|Any CPU.Build.0 = Debug|Any CPU
		{C381EF7E-4F42-497F-9508-40529E2DE08B}.Release|Any CPU.ActiveCfg = Release|Any CPU
		{C381EF7E-4F42-497F-9508-40529E2DE08B}.Release|Any CPU.Build.0 = Release|Any CPU
		{B80C758E-3F3A-478C-92E2-C950EE3C90EE}.Debug|Any CPU.ActiveCfg = Debug|Any CPU
		{B80C758E-3F3A-478C-92E2-C950EE3C90EE}.Debug|Any CPU.Build.0 = Debug|Any CPU
		{B80C758E-3F3A-478C-92E2-C950EE3C90EE}.Release|Any CPU.ActiveCfg = Release|Any CPU
		{B80C758E-3F3A-478C-92E2-C950EE3C90EE}.Release|Any CPU.Build.0 = Release|Any CPU
	EndGlobalSection
	GlobalSection(SolutionProperties) = preSolution
		HideSolutionNode = FALSE
	EndGlobalSection
EndGlobal
